// !$*UTF8*$!
{
	archiveVersion = 1;
	classes = {
	};
	objectVersion = 77;
	objects = {

/* Begin PBXContainerItemProxy section */
		382F22F32D674A3E00690D07 /* PBXContainerItemProxy */ = {
			isa = PBXContainerItemProxy;
			containerPortal = 382F22D42D674A3C00690D07 /* Project object */;
			proxyType = 1;
			remoteGlobalIDString = 382F22DB2D674A3C00690D07;
			remoteInfo = MyFirstGit;
		};
		382F22FD2D674A3E00690D07 /* PBXContainerItemProxy */ = {
			isa = PBXContainerItemProxy;
			containerPortal = 382F22D42D674A3C00690D07 /* Project object */;
			proxyType = 1;
			remoteGlobalIDString = 382F22DB2D674A3C00690D07;
			remoteInfo = MyFirstGit;
		};
/* End PBXContainerItemProxy section */

/* Begin PBXFileReference section */
		382F22DC2D674A3C00690D07 /* MyFirstGit.app */ = {isa = PBXFileReference; explicitFileType = wrapper.application; includeInIndex = 0; path = MyFirstGit.app; sourceTree = BUILT_PRODUCTS_DIR; };
		382F22F22D674A3E00690D07 /* MyFirstGitTests.xctest */ = {isa = PBXFileReference; explicitFileType = wrapper.cfbundle; includeInIndex = 0; path = MyFirstGitTests.xctest; sourceTree = BUILT_PRODUCTS_DIR; };
		382F22FC2D674A3E00690D07 /* MyFirstGitUITests.xctest */ = {isa = PBXFileReference; explicitFileType = wrapper.cfbundle; includeInIndex = 0; path = MyFirstGitUITests.xctest; sourceTree = BUILT_PRODUCTS_DIR; };
/* End PBXFileReference section */

/* Begin PBXFileSystemSynchronizedBuildFileExceptionSet section */
		382F23042D674A3E00690D07 /* Exceptions for "MyFirstGit" folder in "MyFirstGit" target */ = {
			isa = PBXFileSystemSynchronizedBuildFileExceptionSet;
			membershipExceptions = (
				Info.plist,
			);
			target = 382F22DB2D674A3C00690D07 /* MyFirstGit */;
		};
/* End PBXFileSystemSynchronizedBuildFileExceptionSet section */

/* Begin PBXFileSystemSynchronizedRootGroup section */
		382F22DE2D674A3C00690D07 /* MyFirstGit */ = {
			isa = PBXFileSystemSynchronizedRootGroup;
			exceptions = (
				382F23042D674A3E00690D07 /* Exceptions for "MyFirstGit" folder in "MyFirstGit" target */,
			);
			path = MyFirstGit;
			sourceTree = "<group>";
		};
		382F22F52D674A3E00690D07 /* MyFirstGitTests */ = {
			isa = PBXFileSystemSynchronizedRootGroup;
			path = MyFirstGitTests;
			sourceTree = "<group>";
		};
		382F22FF2D674A3E00690D07 /* MyFirstGitUITests */ = {
			isa = PBXFileSystemSynchronizedRootGroup;
			path = MyFirstGitUITests;
			sourceTree = "<group>";
		};
/* End PBXFileSystemSynchronizedRootGroup section */

/* Begin PBXFrameworksBuildPhase section */
		382F22D92D674A3C00690D07 /* Frameworks */ = {
			isa = PBXFrameworksBuildPhase;
			buildActionMask = 2147483647;
			files = (
			);
			runOnlyForDeploymentPostprocessing = 0;
		};
		382F22EF2D674A3E00690D07 /* Frameworks */ = {
			isa = PBXFrameworksBuildPhase;
			buildActionMask = 2147483647;
			files = (
			);
			runOnlyForDeploymentPostprocessing = 0;
		};
		382F22F92D674A3E00690D07 /* Frameworks */ = {
			isa = PBXFrameworksBuildPhase;
			buildActionMask = 2147483647;
			files = (
			);
			runOnlyForDeploymentPostprocessing = 0;
		};
/* End PBXFrameworksBuildPhase section */

/* Begin PBXGroup section */
		382F22D32D674A3C00690D07 = {
			isa = PBXGroup;
			children = (
				382F22DE2D674A3C00690D07 /* MyFirstGit */,
				382F22F52D674A3E00690D07 /* MyFirstGitTests */,
				382F22FF2D674A3E00690D07 /* MyFirstGitUITests */,
				382F22DD2D674A3C00690D07 /* Products */,
			);
			sourceTree = "<group>";
		};
		382F22DD2D674A3C00690D07 /* Products */ = {
			isa = PBXGroup;
			children = (
				382F22DC2D674A3C00690D07 /* MyFirstGit.app */,
				382F22F22D674A3E00690D07 /* MyFirstGitTests.xctest */,
				382F22FC2D674A3E00690D07 /* MyFirstGitUITests.xctest */,
			);
			name = Products;
			sourceTree = "<group>";
		};
/* End PBXGroup section */

/* Begin PBXNativeTarget section */
		382F22DB2D674A3C00690D07 /* MyFirstGit */ = {
			isa = PBXNativeTarget;
			buildConfigurationList = 382F23052D674A3E00690D07 /* Build configuration list for PBXNativeTarget "MyFirstGit" */;
			buildPhases = (
				382F22D82D674A3C00690D07 /* Sources */,
				382F22D92D674A3C00690D07 /* Frameworks */,
				382F22DA2D674A3C00690D07 /* Resources */,
			);
			buildRules = (
			);
			dependencies = (
			);
			fileSystemSynchronizedGroups = (
				382F22DE2D674A3C00690D07 /* MyFirstGit */,
			);
			name = MyFirstGit;
			packageProductDependencies = (
			);
			productName = MyFirstGit;
			productReference = 382F22DC2D674A3C00690D07 /* MyFirstGit.app */;
			productType = "com.apple.product-type.application";
		};
		382F22F12D674A3E00690D07 /* MyFirstGitTests */ = {
			isa = PBXNativeTarget;
			buildConfigurationList = 382F230A2D674A3E00690D07 /* Build configuration list for PBXNativeTarget "MyFirstGitTests" */;
			buildPhases = (
				382F22EE2D674A3E00690D07 /* Sources */,
				382F22EF2D674A3E00690D07 /* Frameworks */,
				382F22F02D674A3E00690D07 /* Resources */,
			);
			buildRules = (
			);
			dependencies = (
				382F22F42D674A3E00690D07 /* PBXTargetDependency */,
			);
			fileSystemSynchronizedGroups = (
				382F22F52D674A3E00690D07 /* MyFirstGitTests */,
			);
			name = MyFirstGitTests;
			packageProductDependencies = (
			);
			productName = MyFirstGitTests;
			productReference = 382F22F22D674A3E00690D07 /* MyFirstGitTests.xctest */;
			productType = "com.apple.product-type.bundle.unit-test";
		};
		382F22FB2D674A3E00690D07 /* MyFirstGitUITests */ = {
			isa = PBXNativeTarget;
			buildConfigurationList = 382F230D2D674A3E00690D07 /* Build configuration list for PBXNativeTarget "MyFirstGitUITests" */;
			buildPhases = (
				382F22F82D674A3E00690D07 /* Sources */,
				382F22F92D674A3E00690D07 /* Frameworks */,
				382F22FA2D674A3E00690D07 /* Resources */,
			);
			buildRules = (
			);
			dependencies = (
				382F22FE2D674A3E00690D07 /* PBXTargetDependency */,
			);
			fileSystemSynchronizedGroups = (
				382F22FF2D674A3E00690D07 /* MyFirstGitUITests */,
			);
			name = MyFirstGitUITests;
			packageProductDependencies = (
			);
			productName = MyFirstGitUITests;
			productReference = 382F22FC2D674A3E00690D07 /* MyFirstGitUITests.xctest */;
			productType = "com.apple.product-type.bundle.ui-testing";
		};
/* End PBXNativeTarget section */

/* Begin PBXProject section */
		382F22D42D674A3C00690D07 /* Project object */ = {
			isa = PBXProject;
			attributes = {
				BuildIndependentTargetsInParallel = 1;
				LastSwiftUpdateCheck = 1600;
				LastUpgradeCheck = 1600;
				TargetAttributes = {
					382F22DB2D674A3C00690D07 = {
						CreatedOnToolsVersion = 16.0;
					};
					382F22F12D674A3E00690D07 = {
						CreatedOnToolsVersion = 16.0;
						TestTargetID = 382F22DB2D674A3C00690D07;
					};
					382F22FB2D674A3E00690D07 = {
						CreatedOnToolsVersion = 16.0;
						TestTargetID = 382F22DB2D674A3C00690D07;
					};
				};
			};
			buildConfigurationList = 382F22D72D674A3C00690D07 /* Build configuration list for PBXProject "MyFirstGit" */;
			developmentRegion = en;
			hasScannedForEncodings = 0;
			knownRegions = (
				en,
				Base,
			);
			mainGroup = 382F22D32D674A3C00690D07;
			minimizedProjectReferenceProxies = 1;
			preferredProjectObjectVersion = 77;
			productRefGroup = 382F22DD2D674A3C00690D07 /* Products */;
			projectDirPath = "";
			projectRoot = "";
			targets = (
				382F22DB2D674A3C00690D07 /* MyFirstGit */,
				382F22F12D674A3E00690D07 /* MyFirstGitTests */,
				382F22FB2D674A3E00690D07 /* MyFirstGitUITests */,
			);
		};
/* End PBXProject section */

/* Begin PBXResourcesBuildPhase section */
		382F22DA2D674A3C00690D07 /* Resources */ = {
			isa = PBXResourcesBuildPhase;
			buildActionMask = 2147483647;
			files = (
			);
			runOnlyForDeploymentPostprocessing = 0;
		};
		382F22F02D674A3E00690D07 /* Resources */ = {
			isa = PBXResourcesBuildPhase;
			buildActionMask = 2147483647;
			files = (
			);
			runOnlyForDeploymentPostprocessing = 0;
		};
		382F22FA2D674A3E00690D07 /* Resources */ = {
			isa = PBXResourcesBuildPhase;
			buildActionMask = 2147483647;
			files = (
			);
			runOnlyForDeploymentPostprocessing = 0;
		};
/* End PBXResourcesBuildPhase section */

/* Begin PBXSourcesBuildPhase section */
		382F22D82D674A3C00690D07 /* Sources */ = {
			isa = PBXSourcesBuildPhase;
			buildActionMask = 2147483647;
			files = (
			);
			runOnlyForDeploymentPostprocessing = 0;
		};
		382F22EE2D674A3E00690D07 /* Sources */ = {
			isa = PBXSourcesBuildPhase;
			buildActionMask = 2147483647;
			files = (
			);
			runOnlyForDeploymentPostprocessing = 0;
		};
		382F22F82D674A3E00690D07 /* Sources */ = {
			isa = PBXSourcesBuildPhase;
			buildActionMask = 2147483647;
			files = (
			);
			runOnlyForDeploymentPostprocessing = 0;
		};
/* End PBXSourcesBuildPhase section */

/* Begin PBXTargetDependency section */
		382F22F42D674A3E00690D07 /* PBXTargetDependency */ = {
			isa = PBXTargetDependency;
			target = 382F22DB2D674A3C00690D07 /* MyFirstGit */;
			targetProxy = 382F22F32D674A3E00690D07 /* PBXContainerItemProxy */;
		};
		382F22FE2D674A3E00690D07 /* PBXTargetDependency */ = {
			isa = PBXTargetDependency;
			target = 382F22DB2D674A3C00690D07 /* MyFirstGit */;
			targetProxy = 382F22FD2D674A3E00690D07 /* PBXContainerItemProxy */;
		};
/* End PBXTargetDependency section */

/* Begin XCBuildConfiguration section */
		382F23062D674A3E00690D07 /* Debug */ = {
			isa = XCBuildConfiguration;
			buildSettings = {
				ASSETCATALOG_COMPILER_APPICON_NAME = AppIcon;
				ASSETCATALOG_COMPILER_GLOBAL_ACCENT_COLOR_NAME = AccentColor;
				CODE_SIGN_STYLE = Automatic;
				CURRENT_PROJECT_VERSION = 1;
				DEVELOPMENT_TEAM = P48MVN8Y4P;
				GENERATE_INFOPLIST_FILE = YES;
				INFOPLIST_FILE = MyFirstGit/Info.plist;
				INFOPLIST_KEY_UIApplicationSupportsIndirectInputEvents = YES;
				INFOPLIST_KEY_UILaunchStoryboardName = LaunchScreen;
				INFOPLIST_KEY_UIMainStoryboardFile = Main;
				INFOPLIST_KEY_UISupportedInterfaceOrientations_iPad = "UIInterfaceOrientationPortrait UIInterfaceOrientationPortraitUpsideDown UIInterfaceOrientationLandscapeLeft UIInterfaceOrientationLandscapeRight";
				INFOPLIST_KEY_UISupportedInterfaceOrientations_iPhone = "UIInterfaceOrientationPortrait UIInterfaceOrientationLandscapeLeft UIInterfaceOrientationLandscapeRight";
				LD_RUNPATH_SEARCH_PATHS = (
					"$(inherited)",
					"@executable_path/Frameworks",
				);
				MARKETING_VERSION = 1.0;
				PRODUCT_BUNDLE_IDENTIFIER = com.ninakhmaladze.MyFirstGit;
				PRODUCT_NAME = "$(TARGET_NAME)";
				SWIFT_EMIT_LOC_STRINGS = YES;
				SWIFT_VERSION = 5.0;
				TARGETED_DEVICE_FAMILY = "1,2";
			};
			name = Debug;
		};
		382F23072D674A3E00690D07 /* Release */ = {
			isa = XCBuildConfiguration;
			buildSettings = {
				ASSETCATALOG_COMPILER_APPICON_NAME = AppIcon;
				ASSETCATALOG_COMPILER_GLOBAL_ACCENT_COLOR_NAME = AccentColor;
				CODE_SIGN_STYLE = Automatic;
				CURRENT_PROJECT_VERSION = 1;
				DEVELOPMENT_TEAM = P48MVN8Y4P;
				GENERATE_INFOPLIST_FILE = YES;
				INFOPLIST_FILE = MyFirstGit/Info.plist;
				INFOPLIST_KEY_UIApplicationSupportsIndirectInputEvents = YES;
				INFOPLIST_KEY_UILaunchStoryboardName = LaunchScreen;
				INFOPLIST_KEY_UIMainStoryboardFile = Main;
				INFOPLIST_KEY_UISupportedInterfaceOrientations_iPad = "UIInterfaceOrientationPortrait UIInterfaceOrientationPortraitUpsideDown UIInterfaceOrientationLandscapeLeft UIInterfaceOrientationLandscapeRight";
				INFOPLIST_KEY_UISupportedInterfaceOrientations_iPhone = "UIInterfaceOrientationPortrait UIInterfaceOrientationLandscapeLeft UIInterfaceOrientationLandscapeRight";
				LD_RUNPATH_SEARCH_PATHS = (
					"$(inherited)",
					"@executable_path/Frameworks",
				);
				MARKETING_VERSION = 1.0;
				PRODUCT_BUNDLE_IDENTIFIER = com.ninakhmaladze.MyFirstGit;
				PRODUCT_NAME = "$(TARGET_NAME)";
				SWIFT_EMIT_LOC_STRINGS = YES;
				SWIFT_VERSION = 5.0;
				TARGETED_DEVICE_FAMILY = "1,2";
			};
			name = Release;
		};
		382F23082D674A3E00690D07 /* Debug */ = {
			isa = XCBuildConfiguration;
			buildSettings = {
				ALWAYS_SEARCH_USER_PATHS = NO;
				ASSETCATALOG_COMPILER_GENERATE_SWIFT_ASSET_SYMBOL_EXTENSIONS = YES;
				CLANG_ANALYZER_NONNULL = YES;
				CLANG_ANALYZER_NUMBER_OBJECT_CONVERSION = YES_AGGRESSIVE;
				CLANG_CXX_LANGUAGE_STANDARD = "gnu++20";
				CLANG_ENABLE_MODULES = YES;
				CLANG_ENABLE_OBJC_ARC = YES;
				CLANG_ENABLE_OBJC_WEAK = YES;
				CLANG_WARN_BLOCK_CAPTURE_AUTORELEASING = YES;
				CLANG_WARN_BOOL_CONVERSION = YES;
				CLANG_WARN_COMMA = YES;
				CLANG_WARN_CONSTANT_CONVERSION = YES;
				CLANG_WARN_DEPRECATED_OBJC_IMPLEMENTATIONS = YES;
				CLANG_WARN_DIRECT_OBJC_ISA_USAGE = YES_ERROR;
				CLANG_WARN_DOCUMENTATION_COMMENTS = YES;
				CLANG_WARN_EMPTY_BODY = YES;
				CLANG_WARN_ENUM_CONVERSION = YES;
				CLANG_WARN_INFINITE_RECURSION = YES;
				CLANG_WARN_INT_CONVERSION = YES;
				CLANG_WARN_NON_LITERAL_NULL_CONVERSION = YES;
				CLANG_WARN_OBJC_IMPLICIT_RETAIN_SELF = YES;
				CLANG_WARN_OBJC_LITERAL_CONVERSION = YES;
				CLANG_WARN_OBJC_ROOT_CLASS = YES_ERROR;
				CLANG_WARN_QUOTED_INCLUDE_IN_FRAMEWORK_HEADER = YES;
				CLANG_WARN_RANGE_LOOP_ANALYSIS = YES;
				CLANG_WARN_STRICT_PROTOTYPES = YES;
				CLANG_WARN_SUSPICIOUS_MOVE = YES;
				CLANG_WARN_UNGUARDED_AVAILABILITY = YES_AGGRESSIVE;
				CLANG_WARN_UNREACHABLE_CODE = YES;
				CLANG_WARN__DUPLICATE_METHOD_MATCH = YES;
				COPY_PHASE_STRIP = NO;
				DEBUG_INFORMATION_FORMAT = dwarf;
				ENABLE_STRICT_OBJC_MSGSEND = YES;
				ENABLE_TESTABILITY = YES;
				ENABLE_USER_SCRIPT_SANDBOXING = YES;
				GCC_C_LANGUAGE_STANDARD = gnu17;
				GCC_DYNAMIC_NO_PIC = NO;
				GCC_NO_COMMON_BLOCKS = YES;
				GCC_OPTIMIZATION_LEVEL = 0;
				GCC_PREPROCESSOR_DEFINITIONS = (
					"DEBUG=1",
					"$(inherited)",
				);
				GCC_WARN_64_TO_32_BIT_CONVERSION = YES;
				GCC_WARN_ABOUT_RETURN_TYPE = YES_ERROR;
				GCC_WARN_UNDECLARED_SELECTOR = YES;
				GCC_WARN_UNINITIALIZED_AUTOS = YES_AGGRESSIVE;
				GCC_WARN_UNUSED_FUNCTION = YES;
				GCC_WARN_UNUSED_VARIABLE = YES;
				IPHONEOS_DEPLOYMENT_TARGET = 18.0;
				LOCALIZATION_PREFERS_STRING_CATALOGS = YES;
				MTL_ENABLE_DEBUG_INFO = INCLUDE_SOURCE;
				MTL_FAST_MATH = YES;
				ONLY_ACTIVE_ARCH = YES;
				SDKROOT = iphoneos;
				SWIFT_ACTIVE_COMPILATION_CONDITIONS = "DEBUG $(inherited)";
				SWIFT_OPTIMIZATION_LEVEL = "-Onone";
			};
			name = Debug;
		};
		382F23092D674A3E00690D07 /* Release */ = {
			isa = XCBuildConfiguration;
			buildSettings = {
				ALWAYS_SEARCH_USER_PATHS = NO;
				ASSETCATALOG_COMPILER_GENERATE_SWIFT_ASSET_SYMBOL_EXTENSIONS = YES;
				CLANG_ANALYZER_NONNULL = YES;
				CLANG_ANALYZER_NUMBER_OBJECT_CONVERSION = YES_AGGRESSIVE;
				CLANG_CXX_LANGUAGE_STANDARD = "gnu++20";
				CLANG_ENABLE_MODULES = YES;
				CLANG_ENABLE_OBJC_ARC = YES;
				CLANG_ENABLE_OBJC_WEAK = YES;
				CLANG_WARN_BLOCK_CAPTURE_AUTORELEASING = YES;
				CLANG_WARN_BOOL_CONVERSION = YES;
				CLANG_WARN_COMMA = YES;
				CLANG_WARN_CONSTANT_CONVERSION = YES;
				CLANG_WARN_DEPRECATED_OBJC_IMPLEMENTATIONS = YES;
				CLANG_WARN_DIRECT_OBJC_ISA_USAGE = YES_ERROR;
				CLANG_WARN_DOCUMENTATION_COMMENTS = YES;
				CLANG_WARN_EMPTY_BODY = YES;
				CLANG_WARN_ENUM_CONVERSION = YES;
				CLANG_WARN_INFINITE_RECURSION = YES;
				CLANG_WARN_INT_CONVERSION = YES;
				CLANG_WARN_NON_LITERAL_NULL_CONVERSION = YES;
				CLANG_WARN_OBJC_IMPLICIT_RETAIN_SELF = YES;
				CLANG_WARN_OBJC_LITERAL_CONVERSION = YES;
				CLANG_WARN_OBJC_ROOT_CLASS = YES_ERROR;
				CLANG_WARN_QUOTED_INCLUDE_IN_FRAMEWORK_HEADER = YES;
				CLANG_WARN_RANGE_LOOP_ANALYSIS = YES;
				CLANG_WARN_STRICT_PROTOTYPES = YES;
				CLANG_WARN_SUSPICIOUS_MOVE = YES;
				CLANG_WARN_UNGUARDED_AVAILABILITY = YES_AGGRESSIVE;
				CLANG_WARN_UNREACHABLE_CODE = YES;
				CLANG_WARN__DUPLICATE_METHOD_MATCH = YES;
				COPY_PHASE_STRIP = NO;
				DEBUG_INFORMATION_FORMAT = "dwarf-with-dsym";
				ENABLE_NS_ASSERTIONS = NO;
				ENABLE_STRICT_OBJC_MSGSEND = YES;
				ENABLE_USER_SCRIPT_SANDBOXING = YES;
				GCC_C_LANGUAGE_STANDARD = gnu17;
				GCC_NO_COMMON_BLOCKS = YES;
				GCC_WARN_64_TO_32_BIT_CONVERSION = YES;
				GCC_WARN_ABOUT_RETURN_TYPE = YES_ERROR;
				GCC_WARN_UNDECLARED_SELECTOR = YES;
				GCC_WARN_UNINITIALIZED_AUTOS = YES_AGGRESSIVE;
				GCC_WARN_UNUSED_FUNCTION = YES;
				GCC_WARN_UNUSED_VARIABLE = YES;
				IPHONEOS_DEPLOYMENT_TARGET = 18.0;
				LOCALIZATION_PREFERS_STRING_CATALOGS = YES;
				MTL_ENABLE_DEBUG_INFO = NO;
				MTL_FAST_MATH = YES;
				SDKROOT = iphoneos;
				SWIFT_COMPILATION_MODE = wholemodule;
				VALIDATE_PRODUCT = YES;
			};
			name = Release;
		};
		382F230B2D674A3E00690D07 /* Debug */ = {
			isa = XCBuildConfiguration;
			buildSettings = {
				BUNDLE_LOADER = "$(TEST_HOST)";
				CODE_SIGN_STYLE = Automatic;
				CURRENT_PROJECT_VERSION = 1;
				DEVELOPMENT_TEAM = P48MVN8Y4P;
				GENERATE_INFOPLIST_FILE = YES;
				IPHONEOS_DEPLOYMENT_TARGET = 18.0;
				MARKETING_VERSION = 1.0;
				PRODUCT_BUNDLE_IDENTIFIER = com.ninakhmaladze.MyFirstGitTests;
				PRODUCT_NAME = "$(TARGET_NAME)";
				SWIFT_EMIT_LOC_STRINGS = NO;
				SWIFT_VERSION = 5.0;
				TARGETED_DEVICE_FAMILY = "1,2";
				TEST_HOST = "$(BUILT_PRODUCTS_DIR)/MyFirstGit.app/$(BUNDLE_EXECUTABLE_FOLDER_PATH)/MyFirstGit";
			};
			name = Debug;
		};
		382F230C2D674A3E00690D07 /* Release */ = {
			isa = XCBuildConfiguration;
			buildSettings = {
				BUNDLE_LOADER = "$(TEST_HOST)";
				CODE_SIGN_STYLE = Automatic;
				CURRENT_PROJECT_VERSION = 1;
				DEVELOPMENT_TEAM = P48MVN8Y4P;
				GENERATE_INFOPLIST_FILE = YES;
				IPHONEOS_DEPLOYMENT_TARGET = 18.0;
				MARKETING_VERSION = 1.0;
				PRODUCT_BUNDLE_IDENTIFIER = com.ninakhmaladze.MyFirstGitTests;
				PRODUCT_NAME = "$(TARGET_NAME)";
				SWIFT_EMIT_LOC_STRINGS = NO;
				SWIFT_VERSION = 5.0;
				TARGETED_DEVICE_FAMILY = "1,2";
				TEST_HOST = "$(BUILT_PRODUCTS_DIR)/MyFirstGit.app/$(BUNDLE_EXECUTABLE_FOLDER_PATH)/MyFirstGit";
			};
			name = Release;
		};
		382F230E2D674A3E00690D07 /* Debug */ = {
			isa = XCBuildConfiguration;
			buildSettings = {
				CODE_SIGN_STYLE = Automatic;
				CURRENT_PROJECT_VERSION = 1;
				DEVELOPMENT_TEAM = P48MVN8Y4P;
				GENERATE_INFOPLIST_FILE = YES;
				MARKETING_VERSION = 1.0;
				PRODUCT_BUNDLE_IDENTIFIER = com.ninakhmaladze.MyFirstGitUITests;
				PRODUCT_NAME = "$(TARGET_NAME)";
				SWIFT_EMIT_LOC_STRINGS = NO;
				SWIFT_VERSION = 5.0;
				TARGETED_DEVICE_FAMILY = "1,2";
				TEST_TARGET_NAME = MyFirstGit;
			};
			name = Debug;
		};
		382F230F2D674A3E00690D07 /* Release */ = {
			isa = XCBuildConfiguration;
			buildSettings = {
				CODE_SIGN_STYLE = Automatic;
				CURRENT_PROJECT_VERSION = 1;
				DEVELOPMENT_TEAM = P48MVN8Y4P;
				GENERATE_INFOPLIST_FILE = YES;
				MARKETING_VERSION = 1.0;
				PRODUCT_BUNDLE_IDENTIFIER = com.ninakhmaladze.MyFirstGitUITests;
				PRODUCT_NAME = "$(TARGET_NAME)";
				SWIFT_EMIT_LOC_STRINGS = NO;
				SWIFT_VERSION = 5.0;
				TARGETED_DEVICE_FAMILY = "1,2";
				TEST_TARGET_NAME = MyFirstGit;
			};
			name = Release;
		};
/* End XCBuildConfiguration section */

/* Begin XCConfigurationList section */
		382F22D72D674A3C00690D07 /* Build configuration list for PBXProject "MyFirstGit" */ = {
			isa = XCConfigurationList;
			buildConfigurations = (
				382F23082D674A3E00690D07 /* Debug */,
				382F23092D674A3E00690D07 /* Release */,
			);
			defaultConfigurationIsVisible = 0;
			defaultConfigurationName = Release;
		};
		382F23052D674A3E00690D07 /* Build configuration list for PBXNativeTarget "MyFirstGit" */ = {
			isa = XCConfigurationList;
			buildConfigurations = (
				382F23062D674A3E00690D07 /* Debug */,
				382F23072D674A3E00690D07 /* Release */,
			);
			defaultConfigurationIsVisible = 0;
			defaultConfigurationName = Release;
		};
		382F230A2D674A3E00690D07 /* Build configuration list for PBXNativeTarget "MyFirstGitTests" */ = {
			isa = XCConfigurationList;
			buildConfigurations = (
				382F230B2D674A3E00690D07 /* Debug */,
				382F230C2D674A3E00690D07 /* Release */,
			);
			defaultConfigurationIsVisible = 0;
			defaultConfigurationName = Release;
		};
		382F230D2D674A3E00690D07 /* Build configuration list for PBXNativeTarget "MyFirstGitUITests" */ = {
			isa = XCConfigurationList;
			buildConfigurations = (
				382F230E2D674A3E00690D07 /* Debug */,
				382F230F2D674A3E00690D07 /* Release */,
			);
			defaultConfigurationIsVisible = 0;
			defaultConfigurationName = Release;
		};
/* End XCConfigurationList section */
	};
	rootObject = 382F22D42D674A3C00690D07 /* Project object */;
}
